{
  "name": "@sailingnaturali/signalk-dsc",
  "version": "0.6.1",
  "lockfileVersion": 3,
  "requires": true,
  "packages": {
    "": {
      "name": "@sailingnaturali/signalk-dsc",
      "version": "0.6.1",
      "license": "MIT",
      "dependencies": {
        "@sailingnaturali/signalk-distress-core": "^0.5.1"
      },
      "engines": {
        "node": ">=18"
      }
    },
    "node_modules/@sailingnaturali/signalk-distress-core": {
      "version": "0.5.1",
      "resolved": "https://registry.npmjs.org/@sailingnaturali/signalk-distress-core/-/signalk-distress-core-0.5.1.tgz",
      "integrity": "sha512-Pa1tYqsd/b33viLzjx22oCNC7iYH5hjIRX9jze/7bLton5jim3c2Q6ruT2iLfbQ3NglsP0F9F9g9Snl43mEk+w==",
      "license": "MIT"
    }
  }
}
